
Microsoft Visual Studio Solution File, Format Version 12.00
# Visual Studio Version 17
VisualStudioVersion = 17.4.33103.184
MinimumVisualStudioVersion = 10.0.40219.1
Project("{2150E333-8FDC-42A3-9474-1A3956D46DE8}") = "Start", "Start", "{ADB4EB2B-198D-4B2A-90BE-DD9355200476}"
EndProject
Project("{2150E333-8FDC-42A3-9474-1A3956D46DE8}") = "End", "End", "{7EFE0BB0-3414-463B-9763-C7D731AA4E03}"
EndProject
Project("{9A19103F-16F7-4668-BE54-9A1E7A4F7556}") = "ReGeneration.PaymentGateway.Api", "End\ReGeneration.PaymentGateway.Api\ReGeneration.PaymentGateway.Api.csproj", "{4614BC30-3094-490B-9C33-F6BED50A4660}"
EndProject
Project("{FAE04EC0-301F-11D3-BF4B-00C04F79EFBC}") = "ReGeneration.PaymentGateway.Api.Starter", "Start\ReGeneration.PaymentGateway.Api.Starter\ReGeneration.PaymentGateway.Api.Starter.csproj", "{3AF29D45-1D6A-4222-942E-8C70FAC598B3}"
EndProject
Global
	GlobalSection(SolutionConfigurationPlatforms) = preSolution
		Debug|Any CPU = Debug|Any CPU
		Release|Any CPU = Release|Any CPU
	EndGlobalSection
	GlobalSection(ProjectConfigurationPlatforms) = postSolution
		{4614BC30-3094-490B-9C33-F6BED50A4660}.Debug|Any CPU.ActiveCfg = Debug|Any CPU
		{4614BC30-3094-490B-9C33-F6BED50A4660}.Debug|Any CPU.Build.0 = Debug|Any CPU
		{4614BC30-3094-490B-9C33-F6BED50A4660}.Release|Any CPU.ActiveCfg = Release|Any CPU
		{4614BC30-3094-490B-9C33-F6BED50A4660}.Release|Any CPU.Build.0 = Release|Any CPU
		{3AF29D45-1D6A-4222-942E-8C70FAC598B3}.Debug|Any CPU.ActiveCfg = Debug|Any CPU
		{3AF29D45-1D6A-4222-942E-8C70FAC598B3}.Debug|Any CPU.Build.0 = Debug|Any CPU
		{3AF29D45-1D6A-4222-942E-8C70FAC598B3}.Release|Any CPU.ActiveCfg = Release|Any CPU
		{3AF29D45-1D6A-4222-942E-8C70FAC598B3}.Release|Any CPU.Build.0 = Release|Any CPU
	EndGlobalSection
	GlobalSection(SolutionProperties) = preSolution
		HideSolutionNode = FALSE
	EndGlobalSection
	GlobalSection(NestedProjects) = preSolution
		{4614BC30-3094-490B-9C33-F6BED50A4660} = {7EFE0BB0-3414-463B-9763-C7D731AA4E03}
		{3AF29D45-1D6A-4222-942E-8C70FAC598B3} = {ADB4EB2B-198D-4B2A-90BE-DD9355200476}
	EndGlobalSection
	GlobalSection(ExtensibilityGlobals) = postSolution
		SolutionGuid = {5A796634-E136-46E0-9FEA-84155299BCD4}
	EndGlobalSection
EndGlobal
